{
  "name": "oni-save",
  "lockfileVersion": 3,
  "requires": true,
  "packages": {
    "": {
      "dependencies": {
        "oni-save-parser": "file:../oni-save-parser",
        "text-encoding": "0.6.4"
      }
    },
    "../oni-save-parser": {
      "version": "14.0.1",
      "license": "MIT",
      "dependencies": {
        "jsonschema": "^1.2.4",
        "long": "^4.0.0",
        "pako": "^1.0.6",
        "text-encoding": "^0.6.4"
      },
      "devDependencies": {
        "@types/deep-diff": "0.0.31",
        "@types/lodash.flowright": "^3.5.3",
        "@types/long": "^3.0.32",
        "@types/minimist": "^1.2.0",
        "@types/node": "^12.7.3",
        "@types/pako": "^1.0.0",
        "@types/text-encoding": "0.0.33",
        "deep-diff": "^1.0.1",
        "lodash.flowright": "^3.5.0",
        "minimist": "^1.2.0",
        "prettier": "^1.13.4",
        "rimraf": "^2.6.2",
        "typescript": "^3.5.3"
      }
    },
    "node_modules/oni-save-parser": {
      "resolved": "../oni-save-parser",
      "link": true
    },
    "node_modules/text-encoding": {
      "version": "0.6.4",
      "resolved": "https://registry.npmjs.org/text-encoding/-/text-encoding-0.6.4.tgz",
      "integrity": "sha512-hJnc6Qg3dWoOMkqP53F0dzRIgtmsAge09kxUIqGrEUS4qr5rWLckGYaQAVr+opBrIMRErGgy6f5aPnyPpyGRfg==",
      "deprecated": "no longer maintained",
      "license": "Unlicense"
    }
  }
}
